// !$*UTF8*$!
{
	archiveVersion = 1;
	classes = {
	};
	objectVersion = 77;
	objects = {

/* Begin PBXBuildFile section */
		6B41F7FA2DAE46E200654922 /* progress-watch Watch App.app in Embed Watch Content */ = {isa = PBXBuildFile; fileRef = 6B41F7F92DAE46E200654922 /* progress-watch Watch App.app */; settings = {ATTRIBUTES = (RemoveHeadersOnCopy, ); }; };
/* End PBXBuildFile section */

/* Begin PBXContainerItemProxy section */
		6B41F7E42DAE46E200654922 /* PBXContainerItemProxy */ = {
			isa = PBXContainerItemProxy;
			containerPortal = 6B41F7CE2DAE46E100654922 /* Project object */;
			proxyType = 1;
			remoteGlobalIDString = 6B41F7D52DAE46E100654922;
			remoteInfo = "progress-watch";
		};
		6B41F7EE2DAE46E200654922 /* PBXContainerItemProxy */ = {
			isa = PBXContainerItemProxy;
			containerPortal = 6B41F7CE2DAE46E100654922 /* Project object */;
			proxyType = 1;
			remoteGlobalIDString = 6B41F7D52DAE46E100654922;
			remoteInfo = "progress-watch";
		};
		6B41F7FB2DAE46E200654922 /* PBXContainerItemProxy */ = {
			isa = PBXContainerItemProxy;
			containerPortal = 6B41F7CE2DAE46E100654922 /* Project object */;
			proxyType = 1;
			remoteGlobalIDString = 6B41F7F82DAE46E200654922;
			remoteInfo = "progress-watch Watch App";
		};
		6B41F8092DAE46E300654922 /* PBXContainerItemProxy */ = {
			isa = PBXContainerItemProxy;
			containerPortal = 6B41F7CE2DAE46E100654922 /* Project object */;
			proxyType = 1;
			remoteGlobalIDString = 6B41F7F82DAE46E200654922;
			remoteInfo = "progress-watch Watch App";
		};
		6B41F8132DAE46E300654922 /* PBXContainerItemProxy */ = {
			isa = PBXContainerItemProxy;
			containerPortal = 6B41F7CE2DAE46E100654922 /* Project object */;
			proxyType = 1;
			remoteGlobalIDString = 6B41F7F82DAE46E200654922;
			remoteInfo = "progress-watch Watch App";
		};
/* End PBXContainerItemProxy section */

/* Begin PBXCopyFilesBuildPhase section */
		6B41F81F2DAE46E300654922 /* Embed Watch Content */ = {
			isa = PBXCopyFilesBuildPhase;
			buildActionMask = 2147483647;
			dstPath = "$(CONTENTS_FOLDER_PATH)/Watch";
			dstSubfolderSpec = 16;
			files = (
				6B41F7FA2DAE46E200654922 /* progress-watch Watch App.app in Embed Watch Content */,
			);
			name = "Embed Watch Content";
			runOnlyForDeploymentPostprocessing = 0;
		};
/* End PBXCopyFilesBuildPhase section */

/* Begin PBXFileReference section */
		6B41F7D62DAE46E100654922 /* progress-watch.app */ = {isa = PBXFileReference; explicitFileType = wrapper.application; includeInIndex = 0; path = "progress-watch.app"; sourceTree = BUILT_PRODUCTS_DIR; };
		6B41F7E32DAE46E200654922 /* progress-watchTests.xctest */ = {isa = PBXFileReference; explicitFileType = wrapper.cfbundle; includeInIndex = 0; path = "progress-watchTests.xctest"; sourceTree = BUILT_PRODUCTS_DIR; };
		6B41F7ED2DAE46E200654922 /* progress-watchUITests.xctest */ = {isa = PBXFileReference; explicitFileType = wrapper.cfbundle; includeInIndex = 0; path = "progress-watchUITests.xctest"; sourceTree = BUILT_PRODUCTS_DIR; };
		6B41F7F92DAE46E200654922 /* progress-watch Watch App.app */ = {isa = PBXFileReference; explicitFileType = wrapper.application; includeInIndex = 0; path = "progress-watch Watch App.app"; sourceTree = BUILT_PRODUCTS_DIR; };
		6B41F8082DAE46E300654922 /* progress-watch Watch AppTests.xctest */ = {isa = PBXFileReference; explicitFileType = wrapper.cfbundle; includeInIndex = 0; path = "progress-watch Watch AppTests.xctest"; sourceTree = BUILT_PRODUCTS_DIR; };
		6B41F8122DAE46E300654922 /* progress-watch Watch AppUITests.xctest */ = {isa = PBXFileReference; explicitFileType = wrapper.cfbundle; includeInIndex = 0; path = "progress-watch Watch AppUITests.xctest"; sourceTree = BUILT_PRODUCTS_DIR; };
/* End PBXFileReference section */

/* Begin PBXFileSystemSynchronizedRootGroup section */
		6B41F7D82DAE46E100654922 /* progress-watch */ = {
			isa = PBXFileSystemSynchronizedRootGroup;
			path = "progress-watch";
			sourceTree = "<group>";
		};
		6B41F7E62DAE46E200654922 /* progress-watchTests */ = {
			isa = PBXFileSystemSynchronizedRootGroup;
			path = "progress-watchTests";
			sourceTree = "<group>";
		};
		6B41F7F02DAE46E200654922 /* progress-watchUITests */ = {
			isa = PBXFileSystemSynchronizedRootGroup;
			path = "progress-watchUITests";
			sourceTree = "<group>";
		};
		6B41F7FD2DAE46E200654922 /* progress-watch Watch App */ = {
			isa = PBXFileSystemSynchronizedRootGroup;
			path = "progress-watch Watch App";
			sourceTree = "<group>";
		};
		6B41F80B2DAE46E300654922 /* progress-watch Watch AppTests */ = {
			isa = PBXFileSystemSynchronizedRootGroup;
			path = "progress-watch Watch AppTests";
			sourceTree = "<group>";
		};
		6B41F8152DAE46E300654922 /* progress-watch Watch AppUITests */ = {
			isa = PBXFileSystemSynchronizedRootGroup;
			path = "progress-watch Watch AppUITests";
			sourceTree = "<group>";
		};
/* End PBXFileSystemSynchronizedRootGroup section */

/* Begin PBXFrameworksBuildPhase section */
		6B41F7D32DAE46E100654922 /* Frameworks */ = {
			isa = PBXFrameworksBuildPhase;
			buildActionMask = 2147483647;
			files = (
			);
			runOnlyForDeploymentPostprocessing = 0;
		};
		6B41F7E02DAE46E200654922 /* Frameworks */ = {
			isa = PBXFrameworksBuildPhase;
			buildActionMask = 2147483647;
			files = (
			);
			runOnlyForDeploymentPostprocessing = 0;
		};
		6B41F7EA2DAE46E200654922 /* Frameworks */ = {
			isa = PBXFrameworksBuildPhase;
			buildActionMask = 2147483647;
			files = (
			);
			runOnlyForDeploymentPostprocessing = 0;
		};
		6B41F7F62DAE46E200654922 /* Frameworks */ = {
			isa = PBXFrameworksBuildPhase;
			buildActionMask = 2147483647;
			files = (
			);
			runOnlyForDeploymentPostprocessing = 0;
		};
		6B41F8052DAE46E300654922 /* Frameworks */ = {
			isa = PBXFrameworksBuildPhase;
			buildActionMask = 2147483647;
			files = (
			);
			runOnlyForDeploymentPostprocessing = 0;
		};
		6B41F80F2DAE46E300654922 /* Frameworks */ = {
			isa = PBXFrameworksBuildPhase;
			buildActionMask = 2147483647;
			files = (
			);
			runOnlyForDeploymentPostprocessing = 0;
		};
/* End PBXFrameworksBuildPhase section */

/* Begin PBXGroup section */
		6B41F7CD2DAE46E100654922 = {
			isa = PBXGroup;
			children = (
				6B41F7D82DAE46E100654922 /* progress-watch */,
				6B41F7E62DAE46E200654922 /* progress-watchTests */,
				6B41F7F02DAE46E200654922 /* progress-watchUITests */,
				6B41F7FD2DAE46E200654922 /* progress-watch Watch App */,
				6B41F80B2DAE46E300654922 /* progress-watch Watch AppTests */,
				6B41F8152DAE46E300654922 /* progress-watch Watch AppUITests */,
				6B41F7D72DAE46E100654922 /* Products */,
			);
			sourceTree = "<group>";
		};
		6B41F7D72DAE46E100654922 /* Products */ = {
			isa = PBXGroup;
			children = (
				6B41F7D62DAE46E100654922 /* progress-watch.app */,
				6B41F7E32DAE46E200654922 /* progress-watchTests.xctest */,
				6B41F7ED2DAE46E200654922 /* progress-watchUITests.xctest */,
				6B41F7F92DAE46E200654922 /* progress-watch Watch App.app */,
				6B41F8082DAE46E300654922 /* progress-watch Watch AppTests.xctest */,
				6B41F8122DAE46E300654922 /* progress-watch Watch AppUITests.xctest */,
			);
			name = Products;
			sourceTree = "<group>";
		};
/* End PBXGroup section */

/* Begin PBXNativeTarget section */
		6B41F7D52DAE46E100654922 /* progress-watch */ = {
			isa = PBXNativeTarget;
			buildConfigurationList = 6B41F8202DAE46E300654922 /* Build configuration list for PBXNativeTarget "progress-watch" */;
			buildPhases = (
				6B41F7D22DAE46E100654922 /* Sources */,
				6B41F7D32DAE46E100654922 /* Frameworks */,
				6B41F7D42DAE46E100654922 /* Resources */,
				6B41F81F2DAE46E300654922 /* Embed Watch Content */,
			);
			buildRules = (
			);
			dependencies = (
				6B41F7FC2DAE46E200654922 /* PBXTargetDependency */,
			);
			fileSystemSynchronizedGroups = (
				6B41F7D82DAE46E100654922 /* progress-watch */,
			);
			name = "progress-watch";
			packageProductDependencies = (
			);
			productName = "progress-watch";
			productReference = 6B41F7D62DAE46E100654922 /* progress-watch.app */;
			productType = "com.apple.product-type.application";
		};
		6B41F7E22DAE46E200654922 /* progress-watchTests */ = {
			isa = PBXNativeTarget;
			buildConfigurationList = 6B41F8232DAE46E300654922 /* Build configuration list for PBXNativeTarget "progress-watchTests" */;
			buildPhases = (
				6B41F7DF2DAE46E200654922 /* Sources */,
				6B41F7E02DAE46E200654922 /* Frameworks */,
				6B41F7E12DAE46E200654922 /* Resources */,
			);
			buildRules = (
			);
			dependencies = (
				6B41F7E52DAE46E200654922 /* PBXTargetDependency */,
			);
			fileSystemSynchronizedGroups = (
				6B41F7E62DAE46E200654922 /* progress-watchTests */,
			);
			name = "progress-watchTests";
			packageProductDependencies = (
			);
			productName = "progress-watchTests";
			productReference = 6B41F7E32DAE46E200654922 /* progress-watchTests.xctest */;
			productType = "com.apple.product-type.bundle.unit-test";
		};
		6B41F7EC2DAE46E200654922 /* progress-watchUITests */ = {
			isa = PBXNativeTarget;
			buildConfigurationList = 6B41F8262DAE46E300654922 /* Build configuration list for PBXNativeTarget "progress-watchUITests" */;
			buildPhases = (
				6B41F7E92DAE46E200654922 /* Sources */,
				6B41F7EA2DAE46E200654922 /* Frameworks */,
				6B41F7EB2DAE46E200654922 /* Resources */,
			);
			buildRules = (
			);
			dependencies = (
				6B41F7EF2DAE46E200654922 /* PBXTargetDependency */,
			);
			fileSystemSynchronizedGroups = (
				6B41F7F02DAE46E200654922 /* progress-watchUITests */,
			);
			name = "progress-watchUITests";
			packageProductDependencies = (
			);
			productName = "progress-watchUITests";
			productReference = 6B41F7ED2DAE46E200654922 /* progress-watchUITests.xctest */;
			productType = "com.apple.product-type.bundle.ui-testing";
		};
		6B41F7F82DAE46E200654922 /* progress-watch Watch App */ = {
			isa = PBXNativeTarget;
			buildConfigurationList = 6B41F81C2DAE46E300654922 /* Build configuration list for PBXNativeTarget "progress-watch Watch App" */;
			buildPhases = (
				6B41F7F52DAE46E200654922 /* Sources */,
				6B41F7F62DAE46E200654922 /* Frameworks */,
				6B41F7F72DAE46E200654922 /* Resources */,
			);
			buildRules = (
			);
			dependencies = (
			);
			fileSystemSynchronizedGroups = (
				6B41F7FD2DAE46E200654922 /* progress-watch Watch App */,
			);
			name = "progress-watch Watch App";
			packageProductDependencies = (
			);
			productName = "progress-watch Watch App";
			productReference = 6B41F7F92DAE46E200654922 /* progress-watch Watch App.app */;
			productType = "com.apple.product-type.application";
		};
		6B41F8072DAE46E300654922 /* progress-watch Watch AppTests */ = {
			isa = PBXNativeTarget;
			buildConfigurationList = 6B41F8292DAE46E300654922 /* Build configuration list for PBXNativeTarget "progress-watch Watch AppTests" */;
			buildPhases = (
				6B41F8042DAE46E300654922 /* Sources */,
				6B41F8052DAE46E300654922 /* Frameworks */,
				6B41F8062DAE46E300654922 /* Resources */,
			);
			buildRules = (
			);
			dependencies = (
				6B41F80A2DAE46E300654922 /* PBXTargetDependency */,
			);
			fileSystemSynchronizedGroups = (
				6B41F80B2DAE46E300654922 /* progress-watch Watch AppTests */,
			);
			name = "progress-watch Watch AppTests";
			packageProductDependencies = (
			);
			productName = "progress-watch Watch AppTests";
			productReference = 6B41F8082DAE46E300654922 /* progress-watch Watch AppTests.xctest */;
			productType = "com.apple.product-type.bundle.unit-test";
		};
		6B41F8112DAE46E300654922 /* progress-watch Watch AppUITests */ = {
			isa = PBXNativeTarget;
			buildConfigurationList = 6B41F82C2DAE46E300654922 /* Build configuration list for PBXNativeTarget "progress-watch Watch AppUITests" */;
			buildPhases = (
				6B41F80E2DAE46E300654922 /* Sources */,
				6B41F80F2DAE46E300654922 /* Frameworks */,
				6B41F8102DAE46E300654922 /* Resources */,
			);
			buildRules = (
			);
			dependencies = (
				6B41F8142DAE46E300654922 /* PBXTargetDependency */,
			);
			fileSystemSynchronizedGroups = (
				6B41F8152DAE46E300654922 /* progress-watch Watch AppUITests */,
			);
			name = "progress-watch Watch AppUITests";
			packageProductDependencies = (
			);
			productName = "progress-watch Watch AppUITests";
			productReference = 6B41F8122DAE46E300654922 /* progress-watch Watch AppUITests.xctest */;
			productType = "com.apple.product-type.bundle.ui-testing";
		};
/* End PBXNativeTarget section */

/* Begin PBXProject section */
		6B41F7CE2DAE46E100654922 /* Project object */ = {
			isa = PBXProject;
			attributes = {
				BuildIndependentTargetsInParallel = 1;
				LastSwiftUpdateCheck = 1630;
				LastUpgradeCheck = 1630;
				TargetAttributes = {
					6B41F7D52DAE46E100654922 = {
						CreatedOnToolsVersion = 16.3;
					};
					6B41F7E22DAE46E200654922 = {
						CreatedOnToolsVersion = 16.3;
						TestTargetID = 6B41F7D52DAE46E100654922;
					};
					6B41F7EC2DAE46E200654922 = {
						CreatedOnToolsVersion = 16.3;
						TestTargetID = 6B41F7D52DAE46E100654922;
					};
					6B41F7F82DAE46E200654922 = {
						CreatedOnToolsVersion = 16.3;
					};
					6B41F8072DAE46E300654922 = {
						CreatedOnToolsVersion = 16.3;
						TestTargetID = 6B41F7F82DAE46E200654922;
					};
					6B41F8112DAE46E300654922 = {
						CreatedOnToolsVersion = 16.3;
						TestTargetID = 6B41F7F82DAE46E200654922;
					};
				};
			};
			buildConfigurationList = 6B41F7D12DAE46E100654922 /* Build configuration list for PBXProject "progress-watch" */;
			developmentRegion = en;
			hasScannedForEncodings = 0;
			knownRegions = (
				en,
				Base,
			);
			mainGroup = 6B41F7CD2DAE46E100654922;
			minimizedProjectReferenceProxies = 1;
			preferredProjectObjectVersion = 77;
			productRefGroup = 6B41F7D72DAE46E100654922 /* Products */;
			projectDirPath = "";
			projectRoot = "";
			targets = (
				6B41F7D52DAE46E100654922 /* progress-watch */,
				6B41F7E22DAE46E200654922 /* progress-watchTests */,
				6B41F7EC2DAE46E200654922 /* progress-watchUITests */,
				6B41F7F82DAE46E200654922 /* progress-watch Watch App */,
				6B41F8072DAE46E300654922 /* progress-watch Watch AppTests */,
				6B41F8112DAE46E300654922 /* progress-watch Watch AppUITests */,
			);
		};
/* End PBXProject section */

/* Begin PBXResourcesBuildPhase section */
		6B41F7D42DAE46E100654922 /* Resources */ = {
			isa = PBXResourcesBuildPhase;
			buildActionMask = 2147483647;
			files = (
			);
			runOnlyForDeploymentPostprocessing = 0;
		};
		6B41F7E12DAE46E200654922 /* Resources */ = {
			isa = PBXResourcesBuildPhase;
			buildActionMask = 2147483647;
			files = (
			);
			runOnlyForDeploymentPostprocessing = 0;
		};
		6B41F7EB2DAE46E200654922 /* Resources */ = {
			isa = PBXResourcesBuildPhase;
			buildActionMask = 2147483647;
			files = (
			);
			runOnlyForDeploymentPostprocessing = 0;
		};
		6B41F7F72DAE46E200654922 /* Resources */ = {
			isa = PBXResourcesBuildPhase;
			buildActionMask = 2147483647;
			files = (
			);
			runOnlyForDeploymentPostprocessing = 0;
		};
		6B41F8062DAE46E300654922 /* Resources */ = {
			isa = PBXResourcesBuildPhase;
			buildActionMask = 2147483647;
			files = (
			);
			runOnlyForDeploymentPostprocessing = 0;
		};
		6B41F8102DAE46E300654922 /* Resources */ = {
			isa = PBXResourcesBuildPhase;
			buildActionMask = 2147483647;
			files = (
			);
			runOnlyForDeploymentPostprocessing = 0;
		};
/* End PBXResourcesBuildPhase section */

/* Begin PBXSourcesBuildPhase section */
		6B41F7D22DAE46E100654922 /* Sources */ = {
			isa = PBXSourcesBuildPhase;
			buildActionMask = 2147483647;
			files = (
			);
			runOnlyForDeploymentPostprocessing = 0;
		};
		6B41F7DF2DAE46E200654922 /* Sources */ = {
			isa = PBXSourcesBuildPhase;
			buildActionMask = 2147483647;
			files = (
			);
			runOnlyForDeploymentPostprocessing = 0;
		};
		6B41F7E92DAE46E200654922 /* Sources */ = {
			isa = PBXSourcesBuildPhase;
			buildActionMask = 2147483647;
			files = (
			);
			runOnlyForDeploymentPostprocessing = 0;
		};
		6B41F7F52DAE46E200654922 /* Sources */ = {
			isa = PBXSourcesBuildPhase;
			buildActionMask = 2147483647;
			files = (
			);
			runOnlyForDeploymentPostprocessing = 0;
		};
		6B41F8042DAE46E300654922 /* Sources */ = {
			isa = PBXSourcesBuildPhase;
			buildActionMask = 2147483647;
			files = (
			);
			runOnlyForDeploymentPostprocessing = 0;
		};
		6B41F80E2DAE46E300654922 /* Sources */ = {
			isa = PBXSourcesBuildPhase;
			buildActionMask = 2147483647;
			files = (
			);
			runOnlyForDeploymentPostprocessing = 0;
		};
/* End PBXSourcesBuildPhase section */

/* Begin PBXTargetDependency section */
		6B41F7E52DAE46E200654922 /* PBXTargetDependency */ = {
			isa = PBXTargetDependency;
			target = 6B41F7D52DAE46E100654922 /* progress-watch */;
			targetProxy = 6B41F7E42DAE46E200654922 /* PBXContainerItemProxy */;
		};
		6B41F7EF2DAE46E200654922 /* PBXTargetDependency */ = {
			isa = PBXTargetDependency;
			target = 6B41F7D52DAE46E100654922 /* progress-watch */;
			targetProxy = 6B41F7EE2DAE46E200654922 /* PBXContainerItemProxy */;
		};
		6B41F7FC2DAE46E200654922 /* PBXTargetDependency */ = {
			isa = PBXTargetDependency;
			target = 6B41F7F82DAE46E200654922 /* progress-watch Watch App */;
			targetProxy = 6B41F7FB2DAE46E200654922 /* PBXContainerItemProxy */;
		};
		6B41F80A2DAE46E300654922 /* PBXTargetDependency */ = {
			isa = PBXTargetDependency;
			target = 6B41F7F82DAE46E200654922 /* progress-watch Watch App */;
			targetProxy = 6B41F8092DAE46E300654922 /* PBXContainerItemProxy */;
		};
		6B41F8142DAE46E300654922 /* PBXTargetDependency */ = {
			isa = PBXTargetDependency;
			target = 6B41F7F82DAE46E200654922 /* progress-watch Watch App */;
			targetProxy = 6B41F8132DAE46E300654922 /* PBXContainerItemProxy */;
		};
/* End PBXTargetDependency section */

/* Begin XCBuildConfiguration section */
		6B41F81A2DAE46E300654922 /* Debug */ = {
			isa = XCBuildConfiguration;
			buildSettings = {
				ALWAYS_SEARCH_USER_PATHS = NO;
				ASSETCATALOG_COMPILER_GENERATE_SWIFT_ASSET_SYMBOL_EXTENSIONS = YES;
				CLANG_ANALYZER_NONNULL = YES;
				CLANG_ANALYZER_NUMBER_OBJECT_CONVERSION = YES_AGGRESSIVE;
				CLANG_CXX_LANGUAGE_STANDARD = "gnu++20";
				CLANG_ENABLE_MODULES = YES;
				CLANG_ENABLE_OBJC_ARC = YES;
				CLANG_ENABLE_OBJC_WEAK = YES;
				CLANG_WARN_BLOCK_CAPTURE_AUTORELEASING = YES;
				CLANG_WARN_BOOL_CONVERSION = YES;
				CLANG_WARN_COMMA = YES;
				CLANG_WARN_CONSTANT_CONVERSION = YES;
				CLANG_WARN_DEPRECATED_OBJC_IMPLEMENTATIONS = YES;
				CLANG_WARN_DIRECT_OBJC_ISA_USAGE = YES_ERROR;
				CLANG_WARN_DOCUMENTATION_COMMENTS = YES;
				CLANG_WARN_EMPTY_BODY = YES;
				CLANG_WARN_ENUM_CONVERSION = YES;
				CLANG_WARN_INFINITE_RECURSION = YES;
				CLANG_WARN_INT_CONVERSION = YES;
				CLANG_WARN_NON_LITERAL_NULL_CONVERSION = YES;
				CLANG_WARN_OBJC_IMPLICIT_RETAIN_SELF = YES;
				CLANG_WARN_OBJC_LITERAL_CONVERSION = YES;
				CLANG_WARN_OBJC_ROOT_CLASS = YES_ERROR;
				CLANG_WARN_QUOTED_INCLUDE_IN_FRAMEWORK_HEADER = YES;
				CLANG_WARN_RANGE_LOOP_ANALYSIS = YES;
				CLANG_WARN_STRICT_PROTOTYPES = YES;
				CLANG_WARN_SUSPICIOUS_MOVE = YES;
				CLANG_WARN_UNGUARDED_AVAILABILITY = YES_AGGRESSIVE;
				CLANG_WARN_UNREACHABLE_CODE = YES;
				CLANG_WARN__DUPLICATE_METHOD_MATCH = YES;
				COPY_PHASE_STRIP = NO;
				DEBUG_INFORMATION_FORMAT = dwarf;
				DEVELOPMENT_TEAM = U5A944B9TJ;
				ENABLE_STRICT_OBJC_MSGSEND = YES;
				ENABLE_TESTABILITY = YES;
				ENABLE_USER_SCRIPT_SANDBOXING = YES;
				GCC_C_LANGUAGE_STANDARD = gnu17;
				GCC_DYNAMIC_NO_PIC = NO;
				GCC_NO_COMMON_BLOCKS = YES;
				GCC_OPTIMIZATION_LEVEL = 0;
				GCC_PREPROCESSOR_DEFINITIONS = (
					"DEBUG=1",
					"$(inherited)",
				);
				GCC_WARN_64_TO_32_BIT_CONVERSION = YES;
				GCC_WARN_ABOUT_RETURN_TYPE = YES_ERROR;
				GCC_WARN_UNDECLARED_SELECTOR = YES;
				GCC_WARN_UNINITIALIZED_AUTOS = YES_AGGRESSIVE;
				GCC_WARN_UNUSED_FUNCTION = YES;
				GCC_WARN_UNUSED_VARIABLE = YES;
				LOCALIZATION_PREFERS_STRING_CATALOGS = YES;
				MTL_ENABLE_DEBUG_INFO = INCLUDE_SOURCE;
				MTL_FAST_MATH = YES;
				ONLY_ACTIVE_ARCH = YES;
				SWIFT_ACTIVE_COMPILATION_CONDITIONS = "DEBUG $(inherited)";
				SWIFT_OPTIMIZATION_LEVEL = "-Onone";
			};
			name = Debug;
		};
		6B41F81B2DAE46E300654922 /* Release */ = {
			isa = XCBuildConfiguration;
			buildSettings = {
				ALWAYS_SEARCH_USER_PATHS = NO;
				ASSETCATALOG_COMPILER_GENERATE_SWIFT_ASSET_SYMBOL_EXTENSIONS = YES;
				CLANG_ANALYZER_NONNULL = YES;
				CLANG_ANALYZER_NUMBER_OBJECT_CONVERSION = YES_AGGRESSIVE;
				CLANG_CXX_LANGUAGE_STANDARD = "gnu++20";
				CLANG_ENABLE_MODULES = YES;
				CLANG_ENABLE_OBJC_ARC = YES;
				CLANG_ENABLE_OBJC_WEAK = YES;
				CLANG_WARN_BLOCK_CAPTURE_AUTORELEASING = YES;
				CLANG_WARN_BOOL_CONVERSION = YES;
				CLANG_WARN_COMMA = YES;
				CLANG_WARN_CONSTANT_CONVERSION = YES;
				CLANG_WARN_DEPRECATED_OBJC_IMPLEMENTATIONS = YES;
				CLANG_WARN_DIRECT_OBJC_ISA_USAGE = YES_ERROR;
				CLANG_WARN_DOCUMENTATION_COMMENTS = YES;
				CLANG_WARN_EMPTY_BODY = YES;
				CLANG_WARN_ENUM_CONVERSION = YES;
				CLANG_WARN_INFINITE_RECURSION = YES;
				CLANG_WARN_INT_CONVERSION = YES;
				CLANG_WARN_NON_LITERAL_NULL_CONVERSION = YES;
				CLANG_WARN_OBJC_IMPLICIT_RETAIN_SELF = YES;
				CLANG_WARN_OBJC_LITERAL_CONVERSION = YES;
				CLANG_WARN_OBJC_ROOT_CLASS = YES_ERROR;
				CLANG_WARN_QUOTED_INCLUDE_IN_FRAMEWORK_HEADER = YES;
				CLANG_WARN_RANGE_LOOP_ANALYSIS = YES;
				CLANG_WARN_STRICT_PROTOTYPES = YES;
				CLANG_WARN_SUSPICIOUS_MOVE = YES;
				CLANG_WARN_UNGUARDED_AVAILABILITY = YES_AGGRESSIVE;
				CLANG_WARN_UNREACHABLE_CODE = YES;
				CLANG_WARN__DUPLICATE_METHOD_MATCH = YES;
				COPY_PHASE_STRIP = NO;
				DEBUG_INFORMATION_FORMAT = "dwarf-with-dsym";
				DEVELOPMENT_TEAM = U5A944B9TJ;
				ENABLE_NS_ASSERTIONS = NO;
				ENABLE_STRICT_OBJC_MSGSEND = YES;
				ENABLE_USER_SCRIPT_SANDBOXING = YES;
				GCC_C_LANGUAGE_STANDARD = gnu17;
				GCC_NO_COMMON_BLOCKS = YES;
				GCC_WARN_64_TO_32_BIT_CONVERSION = YES;
				GCC_WARN_ABOUT_RETURN_TYPE = YES_ERROR;
				GCC_WARN_UNDECLARED_SELECTOR = YES;
				GCC_WARN_UNINITIALIZED_AUTOS = YES_AGGRESSIVE;
				GCC_WARN_UNUSED_FUNCTION = YES;
				GCC_WARN_UNUSED_VARIABLE = YES;
				LOCALIZATION_PREFERS_STRING_CATALOGS = YES;
				MTL_ENABLE_DEBUG_INFO = NO;
				MTL_FAST_MATH = YES;
				SWIFT_COMPILATION_MODE = wholemodule;
			};
			name = Release;
		};
		6B41F81D2DAE46E300654922 /* Debug */ = {
			isa = XCBuildConfiguration;
			buildSettings = {
				ASSETCATALOG_COMPILER_APPICON_NAME = AppIcon;
				ASSETCATALOG_COMPILER_GLOBAL_ACCENT_COLOR_NAME = AccentColor;
				CODE_SIGN_STYLE = Automatic;
				CURRENT_PROJECT_VERSION = 1;
				DEVELOPMENT_TEAM = U5A944B9TJ;
				ENABLE_PREVIEWS = YES;
				GENERATE_INFOPLIST_FILE = YES;
				INFOPLIST_KEY_CFBundleDisplayName = "progress-watch";
				INFOPLIST_KEY_UISupportedInterfaceOrientations = "UIInterfaceOrientationPortrait UIInterfaceOrientationPortraitUpsideDown";
				INFOPLIST_KEY_WKCompanionAppBundleIdentifier = "io.next-edge.progress-watch";
				LD_RUNPATH_SEARCH_PATHS = (
					"$(inherited)",
					"@executable_path/Frameworks",
				);
				MARKETING_VERSION = 1.0;
				PRODUCT_BUNDLE_IDENTIFIER = "io.next-edge.progress-watch.watchkitapp";
				PRODUCT_NAME = "$(TARGET_NAME)";
				SDKROOT = watchos;
				SKIP_INSTALL = YES;
				SWIFT_EMIT_LOC_STRINGS = YES;
				SWIFT_VERSION = 5.0;
				TARGETED_DEVICE_FAMILY = 4;
				WATCHOS_DEPLOYMENT_TARGET = 11.0;
			};
			name = Debug;
		};
		6B41F81E2DAE46E300654922 /* Release */ = {
			isa = XCBuildConfiguration;
			buildSettings = {
				ASSETCATALOG_COMPILER_APPICON_NAME = AppIcon;
				ASSETCATALOG_COMPILER_GLOBAL_ACCENT_COLOR_NAME = AccentColor;
				CODE_SIGN_STYLE = Automatic;
				CURRENT_PROJECT_VERSION = 1;
				DEVELOPMENT_TEAM = U5A944B9TJ;
				ENABLE_PREVIEWS = YES;
				GENERATE_INFOPLIST_FILE = YES;
				INFOPLIST_KEY_CFBundleDisplayName = "progress-watch";
				INFOPLIST_KEY_UISupportedInterfaceOrientations = "UIInterfaceOrientationPortrait UIInterfaceOrientationPortraitUpsideDown";
				INFOPLIST_KEY_WKCompanionAppBundleIdentifier = "io.next-edge.progress-watch";
				LD_RUNPATH_SEARCH_PATHS = (
					"$(inherited)",
					"@executable_path/Frameworks",
				);
				MARKETING_VERSION = 1.0;
				PRODUCT_BUNDLE_IDENTIFIER = "io.next-edge.progress-watch.watchkitapp";
				PRODUCT_NAME = "$(TARGET_NAME)";
				SDKROOT = watchos;
				SKIP_INSTALL = YES;
				SWIFT_EMIT_LOC_STRINGS = YES;
				SWIFT_VERSION = 5.0;
				TARGETED_DEVICE_FAMILY = 4;
				VALIDATE_PRODUCT = YES;
				WATCHOS_DEPLOYMENT_TARGET = 11.0;
			};
			name = Release;
		};
		6B41F8212DAE46E300654922 /* Debug */ = {
			isa = XCBuildConfiguration;
			buildSettings = {
				ASSETCATALOG_COMPILER_APPICON_NAME = AppIcon;
				ASSETCATALOG_COMPILER_GLOBAL_ACCENT_COLOR_NAME = AccentColor;
				CODE_SIGN_STYLE = Automatic;
				CURRENT_PROJECT_VERSION = 1;
				DEVELOPMENT_TEAM = U5A944B9TJ;
				ENABLE_PREVIEWS = YES;
				GENERATE_INFOPLIST_FILE = YES;
				INFOPLIST_KEY_CFBundleDisplayName = "progress-watch";
				INFOPLIST_KEY_UIApplicationSceneManifest_Generation = YES;
				INFOPLIST_KEY_UIApplicationSupportsIndirectInputEvents = YES;
				INFOPLIST_KEY_UILaunchScreen_Generation = YES;
				INFOPLIST_KEY_UISupportedInterfaceOrientations_iPad = "UIInterfaceOrientationPortrait UIInterfaceOrientationPortraitUpsideDown UIInterfaceOrientationLandscapeLeft UIInterfaceOrientationLandscapeRight";
				INFOPLIST_KEY_UISupportedInterfaceOrientations_iPhone = "UIInterfaceOrientationPortrait UIInterfaceOrientationLandscapeLeft UIInterfaceOrientationLandscapeRight";
				IPHONEOS_DEPLOYMENT_TARGET = 18.4;
				LD_RUNPATH_SEARCH_PATHS = (
					"$(inherited)",
					"@executable_path/Frameworks",
				);
				MARKETING_VERSION = 1.0;
				PRODUCT_BUNDLE_IDENTIFIER = "io.next-edge.progress-watch";
				PRODUCT_NAME = "$(TARGET_NAME)";
				SDKROOT = iphoneos;
				SWIFT_EMIT_LOC_STRINGS = YES;
				SWIFT_VERSION = 5.0;
				TARGETED_DEVICE_FAMILY = "1,2";
			};
			name = Debug;
		};
		6B41F8222DAE46E300654922 /* Release */ = {
			isa = XCBuildConfiguration;
			buildSettings = {
				ASSETCATALOG_COMPILER_APPICON_NAME = AppIcon;
				ASSETCATALOG_COMPILER_GLOBAL_ACCENT_COLOR_NAME = AccentColor;
				CODE_SIGN_STYLE = Automatic;
				CURRENT_PROJECT_VERSION = 1;
				DEVELOPMENT_TEAM = U5A944B9TJ;
				ENABLE_PREVIEWS = YES;
				GENERATE_INFOPLIST_FILE = YES;
				INFOPLIST_KEY_CFBundleDisplayName = "progress-watch";
				INFOPLIST_KEY_UIApplicationSceneManifest_Generation = YES;
				INFOPLIST_KEY_UIApplicationSupportsIndirectInputEvents = YES;
				INFOPLIST_KEY_UILaunchScreen_Generation = YES;
				INFOPLIST_KEY_UISupportedInterfaceOrientations_iPad = "UIInterfaceOrientationPortrait UIInterfaceOrientationPortraitUpsideDown UIInterfaceOrientationLandscapeLeft UIInterfaceOrientationLandscapeRight";
				INFOPLIST_KEY_UISupportedInterfaceOrientations_iPhone = "UIInterfaceOrientationPortrait UIInterfaceOrientationLandscapeLeft UIInterfaceOrientationLandscapeRight";
				IPHONEOS_DEPLOYMENT_TARGET = 18.4;
				LD_RUNPATH_SEARCH_PATHS = (
					"$(inherited)",
					"@executable_path/Frameworks",
				);
				MARKETING_VERSION = 1.0;
				PRODUCT_BUNDLE_IDENTIFIER = "io.next-edge.progress-watch";
				PRODUCT_NAME = "$(TARGET_NAME)";
				SDKROOT = iphoneos;
				SWIFT_EMIT_LOC_STRINGS = YES;
				SWIFT_VERSION = 5.0;
				TARGETED_DEVICE_FAMILY = "1,2";
				VALIDATE_PRODUCT = YES;
			};
			name = Release;
		};
		6B41F8242DAE46E300654922 /* Debug */ = {
			isa = XCBuildConfiguration;
			buildSettings = {
				BUNDLE_LOADER = "$(TEST_HOST)";
				CODE_SIGN_STYLE = Automatic;
				CURRENT_PROJECT_VERSION = 1;
				DEVELOPMENT_TEAM = U5A944B9TJ;
				GENERATE_INFOPLIST_FILE = YES;
				IPHONEOS_DEPLOYMENT_TARGET = 18.4;
				MARKETING_VERSION = 1.0;
				PRODUCT_BUNDLE_IDENTIFIER = "io.next-edge.progress-watchTests";
				PRODUCT_NAME = "$(TARGET_NAME)";
				SDKROOT = iphoneos;
				SWIFT_EMIT_LOC_STRINGS = NO;
				SWIFT_VERSION = 5.0;
				TARGETED_DEVICE_FAMILY = "1,2";
				TEST_HOST = "$(BUILT_PRODUCTS_DIR)/progress-watch.app/$(BUNDLE_EXECUTABLE_FOLDER_PATH)/progress-watch";
			};
			name = Debug;
		};
		6B41F8252DAE46E300654922 /* Release */ = {
			isa = XCBuildConfiguration;
			buildSettings = {
				BUNDLE_LOADER = "$(TEST_HOST)";
				CODE_SIGN_STYLE = Automatic;
				CURRENT_PROJECT_VERSION = 1;
				DEVELOPMENT_TEAM = U5A944B9TJ;
				GENERATE_INFOPLIST_FILE = YES;
				IPHONEOS_DEPLOYMENT_TARGET = 18.4;
				MARKETING_VERSION = 1.0;
				PRODUCT_BUNDLE_IDENTIFIER = "io.next-edge.progress-watchTests";
				PRODUCT_NAME = "$(TARGET_NAME)";
				SDKROOT = iphoneos;
				SWIFT_EMIT_LOC_STRINGS = NO;
				SWIFT_VERSION = 5.0;
				TARGETED_DEVICE_FAMILY = "1,2";
				TEST_HOST = "$(BUILT_PRODUCTS_DIR)/progress-watch.app/$(BUNDLE_EXECUTABLE_FOLDER_PATH)/progress-watch";
				VALIDATE_PRODUCT = YES;
			};
			name = Release;
		};
		6B41F8272DAE46E300654922 /* Debug */ = {
			isa = XCBuildConfiguration;
			buildSettings = {
				CODE_SIGN_STYLE = Automatic;
				CURRENT_PROJECT_VERSION = 1;
				DEVELOPMENT_TEAM = U5A944B9TJ;
				GENERATE_INFOPLIST_FILE = YES;
				IPHONEOS_DEPLOYMENT_TARGET = 18.4;
				MARKETING_VERSION = 1.0;
				PRODUCT_BUNDLE_IDENTIFIER = "io.next-edge.progress-watchUITests";
				PRODUCT_NAME = "$(TARGET_NAME)";
				SDKROOT = iphoneos;
				SWIFT_EMIT_LOC_STRINGS = NO;
				SWIFT_VERSION = 5.0;
				TARGETED_DEVICE_FAMILY = "1,2";
				TEST_TARGET_NAME = "progress-watch";
			};
			name = Debug;
		};
		6B41F8282DAE46E300654922 /* Release */ = {
			isa = XCBuildConfiguration;
			buildSettings = {
				CODE_SIGN_STYLE = Automatic;
				CURRENT_PROJECT_VERSION = 1;
				DEVELOPMENT_TEAM = U5A944B9TJ;
				GENERATE_INFOPLIST_FILE = YES;
				IPHONEOS_DEPLOYMENT_TARGET = 18.4;
				MARKETING_VERSION = 1.0;
				PRODUCT_BUNDLE_IDENTIFIER = "io.next-edge.progress-watchUITests";
				PRODUCT_NAME = "$(TARGET_NAME)";
				SDKROOT = iphoneos;
				SWIFT_EMIT_LOC_STRINGS = NO;
				SWIFT_VERSION = 5.0;
				TARGETED_DEVICE_FAMILY = "1,2";
				TEST_TARGET_NAME = "progress-watch";
				VALIDATE_PRODUCT = YES;
			};
			name = Release;
		};
		6B41F82A2DAE46E300654922 /* Debug */ = {
			isa = XCBuildConfiguration;
			buildSettings = {
				BUNDLE_LOADER = "$(TEST_HOST)";
				CODE_SIGN_STYLE = Automatic;
				CURRENT_PROJECT_VERSION = 1;
				DEVELOPMENT_TEAM = U5A944B9TJ;
				GENERATE_INFOPLIST_FILE = YES;
				MARKETING_VERSION = 1.0;
				PRODUCT_BUNDLE_IDENTIFIER = "io.next-edge.progress-watch-Watch-AppTests";
				PRODUCT_NAME = "$(TARGET_NAME)";
				SDKROOT = watchos;
				SWIFT_EMIT_LOC_STRINGS = NO;
				SWIFT_VERSION = 5.0;
				TARGETED_DEVICE_FAMILY = 4;
				TEST_HOST = "$(BUILT_PRODUCTS_DIR)/progress-watch Watch App.app/$(BUNDLE_EXECUTABLE_FOLDER_PATH)/progress-watch Watch App";
				WATCHOS_DEPLOYMENT_TARGET = 11.0;
			};
			name = Debug;
		};
		6B41F82B2DAE46E300654922 /* Release */ = {
			isa = XCBuildConfiguration;
			buildSettings = {
				BUNDLE_LOADER = "$(TEST_HOST)";
				CODE_SIGN_STYLE = Automatic;
				CURRENT_PROJECT_VERSION = 1;
				DEVELOPMENT_TEAM = U5A944B9TJ;
				GENERATE_INFOPLIST_FILE = YES;
				MARKETING_VERSION = 1.0;
				PRODUCT_BUNDLE_IDENTIFIER = "io.next-edge.progress-watch-Watch-AppTests";
				PRODUCT_NAME = "$(TARGET_NAME)";
				SDKROOT = watchos;
				SWIFT_EMIT_LOC_STRINGS = NO;
				SWIFT_VERSION = 5.0;
				TARGETED_DEVICE_FAMILY = 4;
				TEST_HOST = "$(BUILT_PRODUCTS_DIR)/progress-watch Watch App.app/$(BUNDLE_EXECUTABLE_FOLDER_PATH)/progress-watch Watch App";
				VALIDATE_PRODUCT = YES;
				WATCHOS_DEPLOYMENT_TARGET = 11.0;
			};
			name = Release;
		};
		6B41F82D2DAE46E300654922 /* Debug */ = {
			isa = XCBuildConfiguration;
			buildSettings = {
				CODE_SIGN_STYLE = Automatic;
				CURRENT_PROJECT_VERSION = 1;
				DEVELOPMENT_TEAM = U5A944B9TJ;
				GENERATE_INFOPLIST_FILE = YES;
				MARKETING_VERSION = 1.0;
				PRODUCT_BUNDLE_IDENTIFIER = "io.next-edge.progress-watch-Watch-AppUITests";
				PRODUCT_NAME = "$(TARGET_NAME)";
				SDKROOT = watchos;
				SWIFT_EMIT_LOC_STRINGS = NO;
				SWIFT_VERSION = 5.0;
				TARGETED_DEVICE_FAMILY = 4;
				TEST_TARGET_NAME = "progress-watch Watch App";
				WATCHOS_DEPLOYMENT_TARGET = 11.0;
			};
			name = Debug;
		};
		6B41F82E2DAE46E300654922 /* Release */ = {
			isa = XCBuildConfiguration;
			buildSettings = {
				CODE_SIGN_STYLE = Automatic;
				CURRENT_PROJECT_VERSION = 1;
				DEVELOPMENT_TEAM = U5A944B9TJ;
				GENERATE_INFOPLIST_FILE = YES;
				MARKETING_VERSION = 1.0;
				PRODUCT_BUNDLE_IDENTIFIER = "io.next-edge.progress-watch-Watch-AppUITests";
				PRODUCT_NAME = "$(TARGET_NAME)";
				SDKROOT = watchos;
				SWIFT_EMIT_LOC_STRINGS = NO;
				SWIFT_VERSION = 5.0;
				TARGETED_DEVICE_FAMILY = 4;
				TEST_TARGET_NAME = "progress-watch Watch App";
				VALIDATE_PRODUCT = YES;
				WATCHOS_DEPLOYMENT_TARGET = 11.0;
			};
			name = Release;
		};
/* End XCBuildConfiguration section */

/* Begin XCConfigurationList section */
		6B41F7D12DAE46E100654922 /* Build configuration list for PBXProject "progress-watch" */ = {
			isa = XCConfigurationList;
			buildConfigurations = (
				6B41F81A2DAE46E300654922 /* Debug */,
				6B41F81B2DAE46E300654922 /* Release */,
			);
			defaultConfigurationIsVisible = 0;
			defaultConfigurationName = Release;
		};
		6B41F81C2DAE46E300654922 /* Build configuration list for PBXNativeTarget "progress-watch Watch App" */ = {
			isa = XCConfigurationList;
			buildConfigurations = (
				6B41F81D2DAE46E300654922 /* Debug */,
				6B41F81E2DAE46E300654922 /* Release */,
			);
			defaultConfigurationIsVisible = 0;
			defaultConfigurationName = Release;
		};
		6B41F8202DAE46E300654922 /* Build configuration list for PBXNativeTarget "progress-watch" */ = {
			isa = XCConfigurationList;
			buildConfigurations = (
				6B41F8212DAE46E300654922 /* Debug */,
				6B41F8222DAE46E300654922 /* Release */,
			);
			defaultConfigurationIsVisible = 0;
			defaultConfigurationName = Release;
		};
		6B41F8232DAE46E300654922 /* Build configuration list for PBXNativeTarget "progress-watchTests" */ = {
			isa = XCConfigurationList;
			buildConfigurations = (
				6B41F8242DAE46E300654922 /* Debug */,
				6B41F8252DAE46E300654922 /* Release */,
			);
			defaultConfigurationIsVisible = 0;
			defaultConfigurationName = Release;
		};
		6B41F8262DAE46E300654922 /* Build configuration list for PBXNativeTarget "progress-watchUITests" */ = {
			isa = XCConfigurationList;
			buildConfigurations = (
				6B41F8272DAE46E300654922 /* Debug */,
				6B41F8282DAE46E300654922 /* Release */,
			);
			defaultConfigurationIsVisible = 0;
			defaultConfigurationName = Release;
		};
		6B41F8292DAE46E300654922 /* Build configuration list for PBXNativeTarget "progress-watch Watch AppTests" */ = {
			isa = XCConfigurationList;
			buildConfigurations = (
				6B41F82A2DAE46E300654922 /* Debug */,
				6B41F82B2DAE46E300654922 /* Release */,
			);
			defaultConfigurationIsVisible = 0;
			defaultConfigurationName = Release;
		};
		6B41F82C2DAE46E300654922 /* Build configuration list for PBXNativeTarget "progress-watch Watch AppUITests" */ = {
			isa = XCConfigurationList;
			buildConfigurations = (
				6B41F82D2DAE46E300654922 /* Debug */,
				6B41F82E2DAE46E300654922 /* Release */,
			);
			defaultConfigurationIsVisible = 0;
			defaultConfigurationName = Release;
		};
/* End XCConfigurationList section */
	};
	rootObject = 6B41F7CE2DAE46E100654922 /* Project object */;
}
